// !$*UTF8*$!
{
	archiveVersion = 1;
	classes = {
	};
	objectVersion = 56;
	objects = {

/* Begin PBXBuildFile section */
		6F25CC72305D4DAF00862599 /* Assets.xcassets in Resources */ = {isa = PBXBuildFile; fileRef = 6F25CC71305D4DAF00862599 /* Assets.xcassets */; };
		6F347569305D89420071CFC6 /* MaterialLibrary.swift in Sources */ = {isa = PBXBuildFile; fileRef = 6F347567305D89420071CFC6 /* MaterialLibrary.swift */; };
		6F34756A305D89420071CFC6 /* MaterialLibraryView.swift in Sources */ = {isa = PBXBuildFile; fileRef = 6F347568305D89420071CFC6 /* MaterialLibraryView.swift */; };
		6F9E4EDC305F7DD3009583AE /* MaterialPortableFileTests.swift in Sources */ = {isa = PBXBuildFile; fileRef = 6F9E4EDB305F7DD3009583AE /* MaterialPortableFileTests.swift */; };
		6F9E4EDE305F7F5A009583AE /* MaterialPortableDocuments.swift in Sources */ = {isa = PBXBuildFile; fileRef = 6F9E4EDD305F7F5A009583AE /* MaterialPortableDocuments.swift */; };
		6F9E4EE0305F8013009583AE /* MaterialImportExportView.swift in Sources */ = {isa = PBXBuildFile; fileRef = 6F9E4EDF305F8013009583AE /* MaterialImportExportView.swift */; };
		6F9E4EE3305F933B009583AE /* MaterialComparison.swift in Sources */ = {isa = PBXBuildFile; fileRef = 6F9E4EE2305F933B009583AE /* MaterialComparison.swift */; };
		A001 /* EngineeringCalculatorApp.swift in Sources */ = {isa = PBXBuildFile; fileRef = F001 /* EngineeringCalculatorApp.swift */; };
		A002 /* CalculationDefinition.swift in Sources */ = {isa = PBXBuildFile; fileRef = F002 /* CalculationDefinition.swift */; };
		A003 /* HomeView.swift in Sources */ = {isa = PBXBuildFile; fileRef = F003 /* HomeView.swift */; };
		A004 /* PipeWeightBuoyancyCalculator.swift in Sources */ = {isa = PBXBuildFile; fileRef = F004 /* PipeWeightBuoyancyCalculator.swift */; };
		A005 /* PipeWeightBuoyancyView.swift in Sources */ = {isa = PBXBuildFile; fileRef = F005 /* PipeWeightBuoyancyView.swift */; };
		A006 /* PipeWeightBuoyancyCalculatorTests.swift in Sources */ = {isa = PBXBuildFile; fileRef = F006 /* PipeWeightBuoyancyCalculatorTests.swift */; };
		A007 /* XCTest.framework in Frameworks */ = {isa = PBXBuildFile; fileRef = F007 /* XCTest.framework */; };
		A008 /* MathEquationView.swift in Sources */ = {isa = PBXBuildFile; fileRef = F008 /* MathEquationView.swift */; };
		A009 /* CalculationDetailsView.swift in Sources */ = {isa = PBXBuildFile; fileRef = F009 /* CalculationDetailsView.swift */; };
		A010 /* EngineeringDataModels.swift in Sources */ = {isa = PBXBuildFile; fileRef = F010 /* EngineeringDataModels.swift */; };
		A011 /* MaterialTemperaturePropertyEditor.swift in Sources */ = {isa = PBXBuildFile; fileRef = F011 /* MaterialTemperaturePropertyEditor.swift */; };
		A012 /* MaterialPropertyResolver.swift in Sources */ = {isa = PBXBuildFile; fileRef = F012 /* MaterialPropertyResolver.swift */; };
/* End PBXBuildFile section */

/* Begin PBXContainerItemProxy section */
		P001 /* PBXContainerItemProxy */ = {
			isa = PBXContainerItemProxy;
			containerPortal = PROJ /* Project object */;
			proxyType = 1;
			remoteGlobalIDString = TARGETAPP;
			remoteInfo = EngineeringCalculator;
		};
/* End PBXContainerItemProxy section */

/* Begin PBXFileReference section */
		6F25CC71305D4DAF00862599 /* Assets.xcassets */ = {isa = PBXFileReference; lastKnownFileType = folder.assetcatalog; path = Assets.xcassets; sourceTree = "<group>"; };
		6F347567305D89420071CFC6 /* MaterialLibrary.swift */ = {isa = PBXFileReference; lastKnownFileType = sourcecode.swift; path = MaterialLibrary.swift; sourceTree = "<group>"; };
		6F347568305D89420071CFC6 /* MaterialLibraryView.swift */ = {isa = PBXFileReference; lastKnownFileType = sourcecode.swift; path = MaterialLibraryView.swift; sourceTree = "<group>"; };
		6F9E4EDB305F7DD3009583AE /* MaterialPortableFileTests.swift */ = {isa = PBXFileReference; lastKnownFileType = sourcecode.swift; path = MaterialPortableFileTests.swift; sourceTree = "<group>"; };
		6F9E4EDD305F7F5A009583AE /* MaterialPortableDocuments.swift */ = {isa = PBXFileReference; lastKnownFileType = sourcecode.swift; path = MaterialPortableDocuments.swift; sourceTree = "<group>"; };
		6F9E4EDF305F8013009583AE /* MaterialImportExportView.swift */ = {isa = PBXFileReference; lastKnownFileType = sourcecode.swift; path = MaterialImportExportView.swift; sourceTree = "<group>"; };
		6F9E4EE1305F8F2B009583AE /* Info.plist */ = {isa = PBXFileReference; lastKnownFileType = text.plist; path = Info.plist; sourceTree = "<group>"; };
		6F9E4EE2305F933B009583AE /* MaterialComparison.swift */ = {isa = PBXFileReference; lastKnownFileType = sourcecode.swift; path = MaterialComparison.swift; sourceTree = "<group>"; };
		F001 /* EngineeringCalculatorApp.swift */ = {isa = PBXFileReference; lastKnownFileType = sourcecode.swift; path = EngineeringCalculatorApp.swift; sourceTree = "<group>"; };
		F002 /* CalculationDefinition.swift */ = {isa = PBXFileReference; lastKnownFileType = sourcecode.swift; path = CalculationDefinition.swift; sourceTree = "<group>"; };
		F003 /* HomeView.swift */ = {isa = PBXFileReference; lastKnownFileType = sourcecode.swift; path = HomeView.swift; sourceTree = "<group>"; };
		F004 /* PipeWeightBuoyancyCalculator.swift */ = {isa = PBXFileReference; lastKnownFileType = sourcecode.swift; path = PipeWeightBuoyancyCalculator.swift; sourceTree = "<group>"; };
		F005 /* PipeWeightBuoyancyView.swift */ = {isa = PBXFileReference; lastKnownFileType = sourcecode.swift; path = PipeWeightBuoyancyView.swift; sourceTree = "<group>"; };
		F006 /* PipeWeightBuoyancyCalculatorTests.swift */ = {isa = PBXFileReference; lastKnownFileType = sourcecode.swift; path = PipeWeightBuoyancyCalculatorTests.swift; sourceTree = "<group>"; };
		F007 /* XCTest.framework */ = {isa = PBXFileReference; lastKnownFileType = wrapper.framework; name = XCTest.framework; path = System/Library/Frameworks/XCTest.framework; sourceTree = SDKROOT; };
		F008 /* MathEquationView.swift */ = {isa = PBXFileReference; lastKnownFileType = sourcecode.swift; path = MathEquationView.swift; sourceTree = "<group>"; };
		F009 /* CalculationDetailsView.swift */ = {isa = PBXFileReference; lastKnownFileType = sourcecode.swift; path = CalculationDetailsView.swift; sourceTree = "<group>"; };
		F010 /* EngineeringDataModels.swift */ = {isa = PBXFileReference; lastKnownFileType = sourcecode.swift; path = EngineeringDataModels.swift; sourceTree = "<group>"; };
		F011 /* MaterialTemperaturePropertyEditor.swift */ = {isa = PBXFileReference; lastKnownFileType = sourcecode.swift; path = MaterialTemperaturePropertyEditor.swift; sourceTree = "<group>"; };
		F012 /* MaterialPropertyResolver.swift */ = {isa = PBXFileReference; lastKnownFileType = sourcecode.swift; path = MaterialPropertyResolver.swift; sourceTree = "<group>"; };
		GITIGNORE /* .gitignore */ = {isa = PBXFileReference; lastKnownFileType = text; path = .gitignore; sourceTree = "<group>"; };
		PRODUCTAPP /* EngineeringCalculator.app */ = {isa = PBXFileReference; explicitFileType = wrapper.application; includeInIndex = 0; path = EngineeringCalculator.app; sourceTree = BUILT_PRODUCTS_DIR; };
		PRODUCTTEST /* EngineeringCalculatorTests.xctest */ = {isa = PBXFileReference; explicitFileType = wrapper.cfbundle; includeInIndex = 0; path = EngineeringCalculatorTests.xctest; sourceTree = BUILT_PRODUCTS_DIR; };
		README /* README.md */ = {isa = PBXFileReference; lastKnownFileType = net.daringfireball.markdown; path = README.md; sourceTree = "<group>"; };
/* End PBXFileReference section */

/* Begin PBXFrameworksBuildPhase section */
		FRAMEAPP /* Frameworks */ = {
			isa = PBXFrameworksBuildPhase;
			buildActionMask = 2147483647;
			files = (
			);
			runOnlyForDeploymentPostprocessing = 0;
		};
		FRAMETEST /* Frameworks */ = {
			isa = PBXFrameworksBuildPhase;
			buildActionMask = 2147483647;
			files = (
				A007 /* XCTest.framework in Frameworks */,
			);
			runOnlyForDeploymentPostprocessing = 0;
		};
/* End PBXFrameworksBuildPhase section */

/* Begin PBXGroup section */
		FRAMEWORKS /* Frameworks */ = {
			isa = PBXGroup;
			children = (
				F007 /* XCTest.framework */,
			);
			name = Frameworks;
			sourceTree = "<group>";
		};
		GAPP /* EngineeringCalculator */ = {
			isa = PBXGroup;
			children = (
				6F9E4EE2305F933B009583AE /* MaterialComparison.swift */,
				6F9E4EE1305F8F2B009583AE /* Info.plist */,
				6F9E4EDF305F8013009583AE /* MaterialImportExportView.swift */,
				6F9E4EDD305F7F5A009583AE /* MaterialPortableDocuments.swift */,
				6F347567305D89420071CFC6 /* MaterialLibrary.swift */,
				6F347568305D89420071CFC6 /* MaterialLibraryView.swift */,
				F011 /* MaterialTemperaturePropertyEditor.swift */,
				F012 /* MaterialPropertyResolver.swift */,
				F001 /* EngineeringCalculatorApp.swift */,
				F002 /* CalculationDefinition.swift */,
				F003 /* HomeView.swift */,
				F004 /* PipeWeightBuoyancyCalculator.swift */,
				F005 /* PipeWeightBuoyancyView.swift */,
				F008 /* MathEquationView.swift */,
				F009 /* CalculationDetailsView.swift */,
				F010 /* EngineeringDataModels.swift */,
			);
			path = EngineeringCalculator;
			sourceTree = "<group>";
		};
		GTEST /* EngineeringCalculatorTests */ = {
			isa = PBXGroup;
			children = (
				6F9E4EDB305F7DD3009583AE /* MaterialPortableFileTests.swift */,
				F006 /* PipeWeightBuoyancyCalculatorTests.swift */,
			);
			path = EngineeringCalculatorTests;
			sourceTree = "<group>";
		};
		MAIN = {
			isa = PBXGroup;
			children = (
				6F25CC71305D4DAF00862599 /* Assets.xcassets */,
				GAPP /* EngineeringCalculator */,
				GTEST /* EngineeringCalculatorTests */,
				PRODUCTS /* Products */,
				FRAMEWORKS /* Frameworks */,
				README /* README.md */,
				GITIGNORE /* .gitignore */,
			);
			sourceTree = "<group>";
		};
		PRODUCTS /* Products */ = {
			isa = PBXGroup;
			children = (
				PRODUCTAPP /* EngineeringCalculator.app */,
				PRODUCTTEST /* EngineeringCalculatorTests.xctest */,
			);
			name = Products;
			sourceTree = "<group>";
		};
/* End PBXGroup section */

/* Begin PBXNativeTarget section */
		TARGETAPP /* EngineeringCalculator */ = {
			isa = PBXNativeTarget;
			buildConfigurationList = CFGAPP /* Build configuration list for PBXNativeTarget "EngineeringCalculator" */;
			buildPhases = (
				SRCAPP /* Sources */,
				FRAMEAPP /* Frameworks */,
				RESAPP /* Resources */,
			);
			buildRules = (
			);
			dependencies = (
			);
			name = EngineeringCalculator;
			productName = EngineeringCalculator;
			productReference = PRODUCTAPP /* EngineeringCalculator.app */;
			productType = "com.apple.product-type.application";
		};
		TARGETTEST /* EngineeringCalculatorTests */ = {
			isa = PBXNativeTarget;
			buildConfigurationList = CFGTEST /* Build configuration list for PBXNativeTarget "EngineeringCalculatorTests" */;
			buildPhases = (
				SRCTEST /* Sources */,
				FRAMETEST /* Frameworks */,
				RESTEST /* Resources */,
			);
			buildRules = (
			);
			dependencies = (
				DEPTEST /* PBXTargetDependency */,
			);
			name = EngineeringCalculatorTests;
			productName = EngineeringCalculatorTests;
			productReference = PRODUCTTEST /* EngineeringCalculatorTests.xctest */;
			productType = "com.apple.product-type.bundle.unit-test";
		};
/* End PBXNativeTarget section */

/* Begin PBXProject section */
		PROJ /* Project object */ = {
			isa = PBXProject;
			attributes = {
				BuildIndependentTargetsInParallel = 1;
				LastSwiftUpdateCheck = 2600;
				LastUpgradeCheck = 2660;
				TargetAttributes = {
					TARGETAPP = {
						CreatedOnToolsVersion = 26.0;
					};
					TARGETTEST = {
						CreatedOnToolsVersion = 26.0;
						TestTargetID = TARGETAPP;
					};
				};
			};
			buildConfigurationList = CFGPROJ /* Build configuration list for PBXProject "EngineeringCalculator" */;
			compatibilityVersion = "Xcode 14.0";
			developmentRegion = en;
			hasScannedForEncodings = 0;
			knownRegions = (
				en,
				Base,
			);
			mainGroup = MAIN;
			productRefGroup = PRODUCTS /* Products */;
			projectDirPath = "";
			projectRoot = "";
			targets = (
				TARGETAPP /* EngineeringCalculator */,
				TARGETTEST /* EngineeringCalculatorTests */,
			);
		};
/* End PBXProject section */

/* Begin PBXResourcesBuildPhase section */
		RESAPP /* Resources */ = {
			isa = PBXResourcesBuildPhase;
			buildActionMask = 2147483647;
			files = (
				6F25CC72305D4DAF00862599 /* Assets.xcassets in Resources */,
			);
			runOnlyForDeploymentPostprocessing = 0;
		};
		RESTEST /* Resources */ = {
			isa = PBXResourcesBuildPhase;
			buildActionMask = 2147483647;
			files = (
			);
			runOnlyForDeploymentPostprocessing = 0;
		};
/* End PBXResourcesBuildPhase section */

/* Begin PBXSourcesBuildPhase section */
		SRCAPP /* Sources */ = {
			isa = PBXSourcesBuildPhase;
			buildActionMask = 2147483647;
			files = (
				6F9E4EE0305F8013009583AE /* MaterialImportExportView.swift in Sources */,
				6F9E4EDE305F7F5A009583AE /* MaterialPortableDocuments.swift in Sources */,
				A001 /* EngineeringCalculatorApp.swift in Sources */,
				A002 /* CalculationDefinition.swift in Sources */,
				6F347569305D89420071CFC6 /* MaterialLibrary.swift in Sources */,
				6F34756A305D89420071CFC6 /* MaterialLibraryView.swift in Sources */,
				A011 /* MaterialTemperaturePropertyEditor.swift in Sources */,
				A012 /* MaterialPropertyResolver.swift in Sources */,
				A003 /* HomeView.swift in Sources */,
				A004 /* PipeWeightBuoyancyCalculator.swift in Sources */,
				A005 /* PipeWeightBuoyancyView.swift in Sources */,
				A008 /* MathEquationView.swift in Sources */,
				A009 /* CalculationDetailsView.swift in Sources */,
				A010 /* EngineeringDataModels.swift in Sources */,
				6F9E4EE3305F933B009583AE /* MaterialComparison.swift in Sources */,
			);
			runOnlyForDeploymentPostprocessing = 0;
		};
		SRCTEST /* Sources */ = {
			isa = PBXSourcesBuildPhase;
			buildActionMask = 2147483647;
			files = (
				6F9E4EDC305F7DD3009583AE /* MaterialPortableFileTests.swift in Sources */,
				A006 /* PipeWeightBuoyancyCalculatorTests.swift in Sources */,
			);
			runOnlyForDeploymentPostprocessing = 0;
		};
/* End PBXSourcesBuildPhase section */

/* Begin PBXTargetDependency section */
		DEPTEST /* PBXTargetDependency */ = {
			isa = PBXTargetDependency;
			target = TARGETAPP /* EngineeringCalculator */;
			targetProxy = P001 /* PBXContainerItemProxy */;
		};
/* End PBXTargetDependency section */

/* Begin XCBuildConfiguration section */
		APPDEBUG /* Debug */ = {
			isa = XCBuildConfiguration;
			buildSettings = {
				ASSETCATALOG_COMPILER_APPICON_NAME = "AppIcon-iOS";
				"ASSETCATALOG_COMPILER_APPICON_NAME[sdk=iphoneos*]" = "AppIcon-iOS";
				"ASSETCATALOG_COMPILER_APPICON_NAME[sdk=macosx*]" = "AppIcon-macOS";
				ASSETCATALOG_COMPILER_GENERATE_SWIFT_ASSET_SYMBOL_EXTENSIONS = YES;
				CLANG_ENABLE_OBJC_WEAK = YES;
				CODE_SIGN_STYLE = Automatic;
				CURRENT_PROJECT_VERSION = 1;
				DEAD_CODE_STRIPPING = YES;
				DEVELOPMENT_TEAM = KL5TC2ZM6A;
				ENABLE_PREVIEWS = YES;
				GENERATE_INFOPLIST_FILE = YES;
				INFOPLIST_FILE = EngineeringCalculator/Info.plist;
				INFOPLIST_KEY_CFBundleDisplayName = "Engineering Calculator";
				INFOPLIST_KEY_UILaunchScreen_Generation = YES;
				INFOPLIST_KEY_UISupportedInterfaceOrientations = "UIInterfaceOrientationLandscapeLeft UIInterfaceOrientationLandscapeRight UIInterfaceOrientationPortrait UIInterfaceOrientationPortraitUpsideDown";
				"INFOPLIST_KEY_UISupportedInterfaceOrientations~ipad" = "UIInterfaceOrientationPortrait UIInterfaceOrientationPortraitUpsideDown UIInterfaceOrientationLandscapeLeft UIInterfaceOrientationLandscapeRight";
				IPHONEOS_DEPLOYMENT_TARGET = 17.0;
				MACOSX_DEPLOYMENT_TARGET = 14.0;
				MARKETING_VERSION = 0.3;
				PRODUCT_BUNDLE_IDENTIFIER = com.example.EngineeringCalculator;
				"PRODUCT_BUNDLE_IDENTIFIER[sdk=iphoneos*]" = com.AndrewLindsay.EngineeringCalculator;
				"PRODUCT_BUNDLE_IDENTIFIER[sdk=macosx*]" = com.AndrewLindsay.EngineeringCalculator;
				PRODUCT_NAME = "$(TARGET_NAME)";
				SDKROOT = auto;
				SUPPORTED_PLATFORMS = "iphoneos iphonesimulator macosx";
				SWIFT_EMIT_LOC_STRINGS = YES;
				SWIFT_VERSION = 5.0;
				TARGETED_DEVICE_FAMILY = "1,2";
			};
			name = Debug;
		};
		APPRELEASE /* Release */ = {
			isa = XCBuildConfiguration;
			buildSettings = {
				ASSETCATALOG_COMPILER_APPICON_NAME = "AppIcon-iOS";
				"ASSETCATALOG_COMPILER_APPICON_NAME[sdk=iphoneos*]" = "AppIcon-iOS";
				"ASSETCATALOG_COMPILER_APPICON_NAME[sdk=macosx*]" = "AppIcon-macOS";
				ASSETCATALOG_COMPILER_GENERATE_SWIFT_ASSET_SYMBOL_EXTENSIONS = YES;
				CLANG_ENABLE_OBJC_WEAK = YES;
				CODE_SIGN_STYLE = Automatic;
				CURRENT_PROJECT_VERSION = 1;
				DEAD_CODE_STRIPPING = YES;
				DEVELOPMENT_TEAM = KL5TC2ZM6A;
				GENERATE_INFOPLIST_FILE = YES;
				INFOPLIST_FILE = EngineeringCalculator/Info.plist;
				INFOPLIST_KEY_CFBundleDisplayName = "Engineering Calculator";
				INFOPLIST_KEY_UILaunchScreen_Generation = YES;
				INFOPLIST_KEY_UISupportedInterfaceOrientations = "UIInterfaceOrientationLandscapeLeft UIInterfaceOrientationLandscapeRight UIInterfaceOrientationPortrait UIInterfaceOrientationPortraitUpsideDown";
				"INFOPLIST_KEY_UISupportedInterfaceOrientations~ipad" = "UIInterfaceOrientationPortrait UIInterfaceOrientationPortraitUpsideDown UIInterfaceOrientationLandscapeLeft UIInterfaceOrientationLandscapeRight";
				IPHONEOS_DEPLOYMENT_TARGET = 17.0;
				MACOSX_DEPLOYMENT_TARGET = 14.0;
				MARKETING_VERSION = 0.3;
				PRODUCT_BUNDLE_IDENTIFIER = com.example.EngineeringCalculator;
				"PRODUCT_BUNDLE_IDENTIFIER[sdk=iphoneos*]" = com.AndrewLindsay.EngineeringCalculator;
				"PRODUCT_BUNDLE_IDENTIFIER[sdk=macosx*]" = com.AndrewLindsay.EngineeringCalculator;
				PRODUCT_NAME = "$(TARGET_NAME)";
				SDKROOT = auto;
				SUPPORTED_PLATFORMS = "iphoneos iphonesimulator macosx";
				SWIFT_COMPILATION_MODE = wholemodule;
				SWIFT_VERSION = 5.0;
				TARGETED_DEVICE_FAMILY = "1,2";
			};
			name = Release;
		};
		PROJDEBUG /* Debug */ = {
			isa = XCBuildConfiguration;
			buildSettings = {
				CLANG_ENABLE_MODULES = YES;
				CLANG_WARN_BLOCK_CAPTURE_AUTORELEASING = YES;
				CLANG_WARN_BOOL_CONVERSION = YES;
				CLANG_WARN_COMMA = YES;
				CLANG_WARN_CONSTANT_CONVERSION = YES;
				CLANG_WARN_DEPRECATED_OBJC_IMPLEMENTATIONS = YES;
				CLANG_WARN_EMPTY_BODY = YES;
				CLANG_WARN_ENUM_CONVERSION = YES;
				CLANG_WARN_INFINITE_RECURSION = YES;
				CLANG_WARN_INT_CONVERSION = YES;
				CLANG_WARN_NON_LITERAL_NULL_CONVERSION = YES;
				CLANG_WARN_OBJC_IMPLICIT_RETAIN_SELF = YES;
				CLANG_WARN_OBJC_LITERAL_CONVERSION = YES;
				CLANG_WARN_QUOTED_INCLUDE_IN_FRAMEWORK_HEADER = YES;
				CLANG_WARN_RANGE_LOOP_ANALYSIS = YES;
				CLANG_WARN_STRICT_PROTOTYPES = YES;
				CLANG_WARN_SUSPICIOUS_MOVE = YES;
				CLANG_WARN_UNREACHABLE_CODE = YES;
				CLANG_WARN__DUPLICATE_METHOD_MATCH = YES;
				DEAD_CODE_STRIPPING = YES;
				ENABLE_STRICT_OBJC_MSGSEND = YES;
				ENABLE_TESTABILITY = YES;
				ENABLE_USER_SCRIPT_SANDBOXING = YES;
				GCC_NO_COMMON_BLOCKS = YES;
				GCC_WARN_64_TO_32_BIT_CONVERSION = YES;
				GCC_WARN_ABOUT_RETURN_TYPE = YES;
				GCC_WARN_UNDECLARED_SELECTOR = YES;
				GCC_WARN_UNINITIALIZED_AUTOS = YES;
				GCC_WARN_UNUSED_FUNCTION = YES;
				GCC_WARN_UNUSED_VARIABLE = YES;
				ONLY_ACTIVE_ARCH = YES;
				STRING_CATALOG_GENERATE_SYMBOLS = YES;
				SWIFT_VERSION = 5.0;
			};
			name = Debug;
		};
		PROJRELEASE /* Release */ = {
			isa = XCBuildConfiguration;
			buildSettings = {
				CLANG_ENABLE_MODULES = YES;
				CLANG_WARN_BLOCK_CAPTURE_AUTORELEASING = YES;
				CLANG_WARN_BOOL_CONVERSION = YES;
				CLANG_WARN_COMMA = YES;
				CLANG_WARN_CONSTANT_CONVERSION = YES;
				CLANG_WARN_DEPRECATED_OBJC_IMPLEMENTATIONS = YES;
				CLANG_WARN_EMPTY_BODY = YES;
				CLANG_WARN_ENUM_CONVERSION = YES;
				CLANG_WARN_INFINITE_RECURSION = YES;
				CLANG_WARN_INT_CONVERSION = YES;
				CLANG_WARN_NON_LITERAL_NULL_CONVERSION = YES;
				CLANG_WARN_OBJC_IMPLICIT_RETAIN_SELF = YES;
				CLANG_WARN_OBJC_LITERAL_CONVERSION = YES;
				CLANG_WARN_QUOTED_INCLUDE_IN_FRAMEWORK_HEADER = YES;
				CLANG_WARN_RANGE_LOOP_ANALYSIS = YES;
				CLANG_WARN_STRICT_PROTOTYPES = YES;
				CLANG_WARN_SUSPICIOUS_MOVE = YES;
				CLANG_WARN_UNREACHABLE_CODE = YES;
				CLANG_WARN__DUPLICATE_METHOD_MATCH = YES;
				DEAD_CODE_STRIPPING = YES;
				ENABLE_STRICT_OBJC_MSGSEND = YES;
				ENABLE_USER_SCRIPT_SANDBOXING = YES;
				GCC_NO_COMMON_BLOCKS = YES;
				GCC_WARN_64_TO_32_BIT_CONVERSION = YES;
				GCC_WARN_ABOUT_RETURN_TYPE = YES;
				GCC_WARN_UNDECLARED_SELECTOR = YES;
				GCC_WARN_UNINITIALIZED_AUTOS = YES;
				GCC_WARN_UNUSED_FUNCTION = YES;
				GCC_WARN_UNUSED_VARIABLE = YES;
				STRING_CATALOG_GENERATE_SYMBOLS = YES;
				SWIFT_COMPILATION_MODE = wholemodule;
				SWIFT_VERSION = 5.0;
			};
			name = Release;
		};
		TESTDEBUG /* Debug */ = {
			isa = XCBuildConfiguration;
			buildSettings = {
				BUNDLE_LOADER = "$(TEST_HOST)";
				CLANG_ENABLE_OBJC_WEAK = YES;
				DEAD_CODE_STRIPPING = YES;
				"DEVELOPMENT_TEAM[sdk=iphoneos*]" = KL5TC2ZM6A;
				GENERATE_INFOPLIST_FILE = YES;
				IPHONEOS_DEPLOYMENT_TARGET = 17.0;
				MACOSX_DEPLOYMENT_TARGET = 14.0;
				PRODUCT_BUNDLE_IDENTIFIER = com.AndrewLindsay.EngineeringCalculatorTests;
				PRODUCT_MODULE_NAME = EngineeringCalculatorTests;
				PRODUCT_NAME = EngineeringCalculatorTests;
				"PROVISIONING_PROFILE_SPECIFIER[sdk=iphoneos*]" = "";
				SDKROOT = auto;
				SUPPORTED_PLATFORMS = "iphoneos iphonesimulator macosx";
				SWIFT_VERSION = 5.0;
				TEST_HOST = "$(BUILT_PRODUCTS_DIR)/EngineeringCalculator.app/$(BUNDLE_EXECUTABLE_FOLDER_PATH)/EngineeringCalculator";
			};
			name = Debug;
		};
		TESTRELEASE /* Release */ = {
			isa = XCBuildConfiguration;
			buildSettings = {
				BUNDLE_LOADER = "$(TEST_HOST)";
				CLANG_ENABLE_OBJC_WEAK = YES;
				DEAD_CODE_STRIPPING = YES;
				"DEVELOPMENT_TEAM[sdk=iphoneos*]" = KL5TC2ZM6A;
				GENERATE_INFOPLIST_FILE = YES;
				IPHONEOS_DEPLOYMENT_TARGET = 17.0;
				MACOSX_DEPLOYMENT_TARGET = 14.0;
				PRODUCT_BUNDLE_IDENTIFIER = com.AndrewLindsay.EngineeringCalculatorTests;
				PRODUCT_MODULE_NAME = EngineeringCalculatorTests;
				PRODUCT_NAME = EngineeringCalculatorTests;
				"PROVISIONING_PROFILE_SPECIFIER[sdk=iphoneos*]" = "";
				SDKROOT = auto;
				SUPPORTED_PLATFORMS = "iphoneos iphonesimulator macosx";
				SWIFT_VERSION = 5.0;
				TEST_HOST = "$(BUILT_PRODUCTS_DIR)/EngineeringCalculator.app/$(BUNDLE_EXECUTABLE_FOLDER_PATH)/EngineeringCalculator";
			};
			name = Release;
		};
/* End XCBuildConfiguration section */

/* Begin XCConfigurationList section */
		CFGAPP /* Build configuration list for PBXNativeTarget "EngineeringCalculator" */ = {
			isa = XCConfigurationList;
			buildConfigurations = (
				APPDEBUG /* Debug */,
				APPRELEASE /* Release */,
			);
			defaultConfigurationIsVisible = 0;
			defaultConfigurationName = Release;
		};
		CFGPROJ /* Build configuration list for PBXProject "EngineeringCalculator" */ = {
			isa = XCConfigurationList;
			buildConfigurations = (
				PROJDEBUG /* Debug */,
				PROJRELEASE /* Release */,
			);
			defaultConfigurationIsVisible = 0;
			defaultConfigurationName = Release;
		};
		CFGTEST /* Build configuration list for PBXNativeTarget "EngineeringCalculatorTests" */ = {
			isa = XCConfigurationList;
			buildConfigurations = (
				TESTDEBUG /* Debug */,
				TESTRELEASE /* Release */,
			);
			defaultConfigurationIsVisible = 0;
			defaultConfigurationName = Release;
		};
/* End XCConfigurationList section */
	};
	rootObject = PROJ /* Project object */;
}
